
Microsoft Visual Studio Solution File, Format Version 12.00
# Visual Studio Version 17
VisualStudioVersion = 17.8.34322.80
MinimumVisualStudioVersion = 10.0.40219.1
Project("{54A90642-561A-4BB1-A94E-469ADEE60C69}") = "ecommerce-listing-app", "ecommerce-listing-app.esproj", "{418F8F59-16A1-46D6-91DA-1590CF0555C7}"
EndProject
Global
	GlobalSection(SolutionConfigurationPlatforms) = preSolution
		Debug|Any CPU = Debug|Any CPU
		Release|Any CPU = Release|Any CPU
	EndGlobalSection
	GlobalSection(ProjectConfigurationPlatforms) = postSolution
		{418F8F59-16A1-46D6-91DA-1590CF0555C7}.Debug|Any CPU.ActiveCfg = Debug|Any CPU
		{418F8F59-16A1-46D6-91DA-1590CF0555C7}.Debug|Any CPU.Build.0 = Debug|Any CPU
		{418F8F59-16A1-46D6-91DA-1590CF0555C7}.Debug|Any CPU.Deploy.0 = Debug|Any CPU
		{418F8F59-16A1-46D6-91DA-1590CF0555C7}.Release|Any CPU.ActiveCfg = Release|Any CPU
		{418F8F59-16A1-46D6-91DA-1590CF0555C7}.Release|Any CPU.Build.0 = Release|Any CPU
		{418F8F59-16A1-46D6-91DA-1590CF0555C7}.Release|Any CPU.Deploy.0 = Release|Any CPU
	EndGlobalSection
	GlobalSection(SolutionProperties) = preSolution
		HideSolutionNode = FALSE
	EndGlobalSection
	GlobalSection(ExtensibilityGlobals) = postSolution
		SolutionGuid = {748E0A45-5302-44C3-AD31-377330B02A08}
	EndGlobalSection
EndGlobal
